// !$*UTF8*$!
{
	archiveVersion = 1;
	classes = {
	};
	objectVersion = 51;
	objects = {

/* Begin PBXBuildFile section */
		59339B9324BA4411007FB361 /* CommentTableViewCell.swift in Sources */ = {isa = PBXBuildFile; fileRef = 59339B9224BA4411007FB361 /* CommentTableViewCell.swift */; };
		595CBABF24B2757500B153E3 /* AppDelegate.swift in Sources */ = {isa = PBXBuildFile; fileRef = 595CBABE24B2757500B153E3 /* AppDelegate.swift */; };
		595CBAC124B2757500B153E3 /* SceneDelegate.swift in Sources */ = {isa = PBXBuildFile; fileRef = 595CBAC024B2757500B153E3 /* SceneDelegate.swift */; };
		595CBAC624B2757500B153E3 /* Main.storyboard in Resources */ = {isa = PBXBuildFile; fileRef = 595CBAC424B2757500B153E3 /* Main.storyboard */; };
		595CBAC824B2757900B153E3 /* Assets.xcassets in Resources */ = {isa = PBXBuildFile; fileRef = 595CBAC724B2757900B153E3 /* Assets.xcassets */; };
		595CBACB24B2757900B153E3 /* LaunchScreen.storyboard in Resources */ = {isa = PBXBuildFile; fileRef = 595CBAC924B2757900B153E3 /* LaunchScreen.storyboard */; };
		595CBAD324B2800100B153E3 /* LoginViewController.swift in Sources */ = {isa = PBXBuildFile; fileRef = 595CBAD224B2800100B153E3 /* LoginViewController.swift */; };
		595CBAD524B2800E00B153E3 /* FeedViewController.swift in Sources */ = {isa = PBXBuildFile; fileRef = 595CBAD424B2800E00B153E3 /* FeedViewController.swift */; };
		595CBAD724B2943300B153E3 /* CameraViewController.swift in Sources */ = {isa = PBXBuildFile; fileRef = 595CBAD624B2943300B153E3 /* CameraViewController.swift */; };
		595CBAD924B2A3CA00B153E3 /* PostTableViewCell.swift in Sources */ = {isa = PBXBuildFile; fileRef = 595CBAD824B2A3CA00B153E3 /* PostTableViewCell.swift */; };
		6F281CC4BD80573F666252E8 /* Pods_Parstagram.framework in Frameworks */ = {isa = PBXBuildFile; fileRef = 54D3A61B0A0B33AB11CE503B /* Pods_Parstagram.framework */; };
/* End PBXBuildFile section */

/* Begin PBXFileReference section */
		54D3A61B0A0B33AB11CE503B /* Pods_Parstagram.framework */ = {isa = PBXFileReference; explicitFileType = wrapper.framework; includeInIndex = 0; path = Pods_Parstagram.framework; sourceTree = BUILT_PRODUCTS_DIR; };
		59339B9224BA4411007FB361 /* CommentTableViewCell.swift */ = {isa = PBXFileReference; lastKnownFileType = sourcecode.swift; path = CommentTableViewCell.swift; sourceTree = "<group>"; };
		595CBABB24B2757500B153E3 /* Parstagram.app */ = {isa = PBXFileReference; explicitFileType = wrapper.application; includeInIndex = 0; path = Parstagram.app; sourceTree = BUILT_PRODUCTS_DIR; };
		595CBABE24B2757500B153E3 /* AppDelegate.swift */ = {isa = PBXFileReference; lastKnownFileType = sourcecode.swift; path = AppDelegate.swift; sourceTree = "<group>"; };
		595CBAC024B2757500B153E3 /* SceneDelegate.swift */ = {isa = PBXFileReference; lastKnownFileType = sourcecode.swift; path = SceneDelegate.swift; sourceTree = "<group>"; };
		595CBAC524B2757500B153E3 /* Base */ = {isa = PBXFileReference; lastKnownFileType = file.storyboard; name = Base; path = Base.lproj/Main.storyboard; sourceTree = "<group>"; };
		595CBAC724B2757900B153E3 /* Assets.xcassets */ = {isa = PBXFileReference; lastKnownFileType = folder.assetcatalog; path = Assets.xcassets; sourceTree = "<group>"; };
		595CBACA24B2757900B153E3 /* Base */ = {isa = PBXFileReference; lastKnownFileType = file.storyboard; name = Base; path = Base.lproj/LaunchScreen.storyboard; sourceTree = "<group>"; };
		595CBACC24B2757900B153E3 /* Info.plist */ = {isa = PBXFileReference; lastKnownFileType = text.plist.xml; path = Info.plist; sourceTree = "<group>"; };
		595CBAD224B2800100B153E3 /* LoginViewController.swift */ = {isa = PBXFileReference; lastKnownFileType = sourcecode.swift; path = LoginViewController.swift; sourceTree = "<group>"; };
		595CBAD424B2800E00B153E3 /* FeedViewController.swift */ = {isa = PBXFileReference; lastKnownFileType = sourcecode.swift; path = FeedViewController.swift; sourceTree = "<group>"; };
		595CBAD624B2943300B153E3 /* CameraViewController.swift */ = {isa = PBXFileReference; lastKnownFileType = sourcecode.swift; path = CameraViewController.swift; sourceTree = "<group>"; };
		595CBAD824B2A3CA00B153E3 /* PostTableViewCell.swift */ = {isa = PBXFileReference; lastKnownFileType = sourcecode.swift; path = PostTableViewCell.swift; sourceTree = "<group>"; };
		EBECE476CCED7DC1F2E4AE6E /* Pods-Parstagram.release.xcconfig */ = {isa = PBXFileReference; includeInIndex = 1; lastKnownFileType = text.xcconfig; name = "Pods-Parstagram.release.xcconfig"; path = "Target Support Files/Pods-Parstagram/Pods-Parstagram.release.xcconfig"; sourceTree = "<group>"; };
		FD86597122637460F10A61EA /* Pods-Parstagram.debug.xcconfig */ = {isa = PBXFileReference; includeInIndex = 1; lastKnownFileType = text.xcconfig; name = "Pods-Parstagram.debug.xcconfig"; path = "Target Support Files/Pods-Parstagram/Pods-Parstagram.debug.xcconfig"; sourceTree = "<group>"; };
/* End PBXFileReference section */

/* Begin PBXFrameworksBuildPhase section */
		595CBAB824B2757500B153E3 /* Frameworks */ = {
			isa = PBXFrameworksBuildPhase;
			buildActionMask = 2147483647;
			files = (
				6F281CC4BD80573F666252E8 /* Pods_Parstagram.framework in Frameworks */,
			);
			runOnlyForDeploymentPostprocessing = 0;
		};
/* End PBXFrameworksBuildPhase section */

/* Begin PBXGroup section */
		177169B7F89F5F7A7E324BD6 /* Frameworks */ = {
			isa = PBXGroup;
			children = (
				54D3A61B0A0B33AB11CE503B /* Pods_Parstagram.framework */,
			);
			name = Frameworks;
			sourceTree = "<group>";
		};
		595CBAB224B2757500B153E3 = {
			isa = PBXGroup;
			children = (
				595CBABD24B2757500B153E3 /* Parstagram */,
				595CBABC24B2757500B153E3 /* Products */,
				BF29AC4EE1EADCDF71083067 /* Pods */,
				177169B7F89F5F7A7E324BD6 /* Frameworks */,
			);
			sourceTree = "<group>";
		};
		595CBABC24B2757500B153E3 /* Products */ = {
			isa = PBXGroup;
			children = (
				595CBABB24B2757500B153E3 /* Parstagram.app */,
			);
			name = Products;
			sourceTree = "<group>";
		};
		595CBABD24B2757500B153E3 /* Parstagram */ = {
			isa = PBXGroup;
			children = (
				595CBABE24B2757500B153E3 /* AppDelegate.swift */,
				595CBAC024B2757500B153E3 /* SceneDelegate.swift */,
				595CBAD224B2800100B153E3 /* LoginViewController.swift */,
				595CBAD424B2800E00B153E3 /* FeedViewController.swift */,
				59339B9224BA4411007FB361 /* CommentTableViewCell.swift */,
				595CBAD624B2943300B153E3 /* CameraViewController.swift */,
				595CBAC424B2757500B153E3 /* Main.storyboard */,
				595CBAC724B2757900B153E3 /* Assets.xcassets */,
				595CBAC924B2757900B153E3 /* LaunchScreen.storyboard */,
				595CBACC24B2757900B153E3 /* Info.plist */,
				595CBAD824B2A3CA00B153E3 /* PostTableViewCell.swift */,
			);
			path = Parstagram;
			sourceTree = "<group>";
		};
		BF29AC4EE1EADCDF71083067 /* Pods */ = {
			isa = PBXGroup;
			children = (
				FD86597122637460F10A61EA /* Pods-Parstagram.debug.xcconfig */,
				EBECE476CCED7DC1F2E4AE6E /* Pods-Parstagram.release.xcconfig */,
			);
			path = Pods;
			sourceTree = "<group>";
		};
/* End PBXGroup section */

/* Begin PBXNativeTarget section */
		595CBABA24B2757500B153E3 /* Parstagram */ = {
			isa = PBXNativeTarget;
			buildConfigurationList = 595CBACF24B2757900B153E3 /* Build configuration list for PBXNativeTarget "Parstagram" */;
			buildPhases = (
				D3CB319B21689F88420CB7ED /* [CP] Check Pods Manifest.lock */,
				595CBAB724B2757500B153E3 /* Sources */,
				595CBAB824B2757500B153E3 /* Frameworks */,
				595CBAB924B2757500B153E3 /* Resources */,
				98DE6B06762CD4C82CB03D66 /* [CP] Embed Pods Frameworks */,
			);
			buildRules = (
			);
			dependencies = (
			);
			name = Parstagram;
			productName = Parstagram;
			productReference = 595CBABB24B2757500B153E3 /* Parstagram.app */;
			productType = "com.apple.product-type.application";
		};
/* End PBXNativeTarget section */

/* Begin PBXProject section */
		595CBAB324B2757500B153E3 /* Project object */ = {
			isa = PBXProject;
			attributes = {
				LastSwiftUpdateCheck = 1150;
				LastUpgradeCheck = 1150;
				ORGANIZATIONNAME = "Andrés Aguilar";
				TargetAttributes = {
					595CBABA24B2757500B153E3 = {
						CreatedOnToolsVersion = 11.5;
					};
				};
			};
			buildConfigurationList = 595CBAB624B2757500B153E3 /* Build configuration list for PBXProject "Parstagram" */;
			compatibilityVersion = "Xcode 9.3";
			developmentRegion = en;
			hasScannedForEncodings = 0;
			knownRegions = (
				en,
				Base,
			);
			mainGroup = 595CBAB224B2757500B153E3;
			productRefGroup = 595CBABC24B2757500B153E3 /* Products */;
			projectDirPath = "";
			projectRoot = "";
			targets = (
				595CBABA24B2757500B153E3 /* Parstagram */,
			);
		};
/* End PBXProject section */

/* Begin PBXResourcesBuildPhase section */
		595CBAB924B2757500B153E3 /* Resources */ = {
			isa = PBXResourcesBuildPhase;
			buildActionMask = 2147483647;
			files = (
				595CBACB24B2757900B153E3 /* LaunchScreen.storyboard in Resources */,
				595CBAC824B2757900B153E3 /* Assets.xcassets in Resources */,
				595CBAC624B2757500B153E3 /* Main.storyboard in Resources */,
			);
			runOnlyForDeploymentPostprocessing = 0;
		};
/* End PBXResourcesBuildPhase section */

/* Begin PBXShellScriptBuildPhase section */
		98DE6B06762CD4C82CB03D66 /* [CP] Embed Pods Frameworks */ = {
			isa = PBXShellScriptBuildPhase;
			buildActionMask = 2147483647;
			files = (
			);
			inputFileListPaths = (
				"${PODS_ROOT}/Target Support Files/Pods-Parstagram/Pods-Parstagram-frameworks-${CONFIGURATION}-input-files.xcfilelist",
			);
			name = "[CP] Embed Pods Frameworks";
			outputFileListPaths = (
				"${PODS_ROOT}/Target Support Files/Pods-Parstagram/Pods-Parstagram-frameworks-${CONFIGURATION}-output-files.xcfilelist",
			);
			runOnlyForDeploymentPostprocessing = 0;
			shellPath = /bin/sh;
			shellScript = "\"${PODS_ROOT}/Target Support Files/Pods-Parstagram/Pods-Parstagram-frameworks.sh\"\n";
			showEnvVarsInLog = 0;
		};
		D3CB319B21689F88420CB7ED /* [CP] Check Pods Manifest.lock */ = {
			isa = PBXShellScriptBuildPhase;
			buildActionMask = 2147483647;
			files = (
			);
			inputFileListPaths = (
			);
			inputPaths = (
				"${PODS_PODFILE_DIR_PATH}/Podfile.lock",
				"${PODS_ROOT}/Manifest.lock",
			);
			name = "[CP] Check Pods Manifest.lock";
			outputFileListPaths = (
			);
			outputPaths = (
				"$(DERIVED_FILE_DIR)/Pods-Parstagram-checkManifestLockResult.txt",
			);
			runOnlyForDeploymentPostprocessing = 0;
			shellPath = /bin/sh;
			shellScript = "diff \"${PODS_PODFILE_DIR_PATH}/Podfile.lock\" \"${PODS_ROOT}/Manifest.lock\" > /dev/null\nif [ $? != 0 ] ; then\n    # print error to STDERR\n    echo \"error: The sandbox is not in sync with the Podfile.lock. Run 'pod install' or update your CocoaPods installation.\" >&2\n    exit 1\nfi\n# This output is used by Xcode 'outputs' to avoid re-running this script phase.\necho \"SUCCESS\" > \"${SCRIPT_OUTPUT_FILE_0}\"\n";
			showEnvVarsInLog = 0;
		};
/* End PBXShellScriptBuildPhase section */

/* Begin PBXSourcesBuildPhase section */
		595CBAB724B2757500B153E3 /* Sources */ = {
			isa = PBXSourcesBuildPhase;
			buildActionMask = 2147483647;
			files = (
				595CBAD324B2800100B153E3 /* LoginViewController.swift in Sources */,
				595CBAD724B2943300B153E3 /* CameraViewController.swift in Sources */,
				595CBABF24B2757500B153E3 /* AppDelegate.swift in Sources */,
				595CBAD524B2800E00B153E3 /* FeedViewController.swift in Sources */,
				59339B9324BA4411007FB361 /* CommentTableViewCell.swift in Sources */,
				595CBAC124B2757500B153E3 /* SceneDelegate.swift in Sources */,
				595CBAD924B2A3CA00B153E3 /* PostTableViewCell.swift in Sources */,
			);
			runOnlyForDeploymentPostprocessing = 0;
		};
/* End PBXSourcesBuildPhase section */

/* Begin PBXVariantGroup section */
		595CBAC424B2757500B153E3 /* Main.storyboard */ = {
			isa = PBXVariantGroup;
			children = (
				595CBAC524B2757500B153E3 /* Base */,
			);
			name = Main.storyboard;
			sourceTree = "<group>";
		};
		595CBAC924B2757900B153E3 /* LaunchScreen.storyboard */ = {
			isa = PBXVariantGroup;
			children = (
				595CBACA24B2757900B153E3 /* Base */,
			);
			name = LaunchScreen.storyboard;
			sourceTree = "<group>";
		};
/* End PBXVariantGroup section */

/* Begin XCBuildConfiguration section */
		595CBACD24B2757900B153E3 /* Debug */ = {
			isa = XCBuildConfiguration;
			buildSettings = {
				ALWAYS_SEARCH_USER_PATHS = NO;
				CLANG_ANALYZER_NONNULL = YES;
				CLANG_ANALYZER_NUMBER_OBJECT_CONVERSION = YES_AGGRESSIVE;
				CLANG_CXX_LANGUAGE_STANDARD = "gnu++14";
				CLANG_CXX_LIBRARY = "libc++";
				CLANG_ENABLE_MODULES = YES;
				CLANG_ENABLE_OBJC_ARC = YES;
				CLANG_ENABLE_OBJC_WEAK = YES;
				CLANG_WARN_BLOCK_CAPTURE_AUTORELEASING = YES;
				CLANG_WARN_BOOL_CONVERSION = YES;
				CLANG_WARN_COMMA = YES;
				CLANG_WARN_CONSTANT_CONVERSION = YES;
				CLANG_WARN_DEPRECATED_OBJC_IMPLEMENTATIONS = YES;
				CLANG_WARN_DIRECT_OBJC_ISA_USAGE = YES_ERROR;
				CLANG_WARN_DOCUMENTATION_COMMENTS = YES;
				CLANG_WARN_EMPTY_BODY = YES;
				CLANG_WARN_ENUM_CONVERSION = YES;
				CLANG_WARN_INFINITE_RECURSION = YES;
				CLANG_WARN_INT_CONVERSION = YES;
				CLANG_WARN_NON_LITERAL_NULL_CONVERSION = YES;
				CLANG_WARN_OBJC_IMPLICIT_RETAIN_SELF = YES;
				CLANG_WARN_OBJC_LITERAL_CONVERSION = YES;
				CLANG_WARN_OBJC_ROOT_CLASS = YES_ERROR;
				CLANG_WARN_RANGE_LOOP_ANALYSIS = YES;
				CLANG_WARN_STRICT_PROTOTYPES = YES;
				CLANG_WARN_SUSPICIOUS_MOVE = YES;
				CLANG_WARN_UNGUARDED_AVAILABILITY = YES_AGGRESSIVE;
				CLANG_WARN_UNREACHABLE_CODE = YES;
				CLANG_WARN__DUPLICATE_METHOD_MATCH = YES;
				COPY_PHASE_STRIP = NO;
				DEBUG_INFORMATION_FORMAT = dwarf;
				ENABLE_STRICT_OBJC_MSGSEND = YES;
				ENABLE_TESTABILITY = YES;
				GCC_C_LANGUAGE_STANDARD = gnu11;
				GCC_DYNAMIC_NO_PIC = NO;
				GCC_NO_COMMON_BLOCKS = YES;
				GCC_OPTIMIZATION_LEVEL = 0;
				GCC_PREPROCESSOR_DEFINITIONS = (
					"DEBUG=1",
					"$(inherited)",
				);
				GCC_WARN_64_TO_32_BIT_CONVERSION = YES;
				GCC_WARN_ABOUT_RETURN_TYPE = YES_ERROR;
				GCC_WARN_UNDECLARED_SELECTOR = YES;
				GCC_WARN_UNINITIALIZED_AUTOS = YES_AGGRESSIVE;
				GCC_WARN_UNUSED_FUNCTION = YES;
				GCC_WARN_UNUSED_VARIABLE = YES;
				IPHONEOS_DEPLOYMENT_TARGET = 13.5;
				MTL_ENABLE_DEBUG_INFO = INCLUDE_SOURCE;
				MTL_FAST_MATH = YES;
				ONLY_ACTIVE_ARCH = YES;
				SDKROOT = iphoneos;
				SWIFT_ACTIVE_COMPILATION_CONDITIONS = DEBUG;
				SWIFT_OPTIMIZATION_LEVEL = "-Onone";
			};
			name = Debug;
		};
		595CBACE24B2757900B153E3 /* Release */ = {
			isa = XCBuildConfiguration;
			buildSettings = {
				ALWAYS_SEARCH_USER_PATHS = NO;
				CLANG_ANALYZER_NONNULL = YES;
				CLANG_ANALYZER_NUMBER_OBJECT_CONVERSION = YES_AGGRESSIVE;
				CLANG_CXX_LANGUAGE_STANDARD = "gnu++14";
				CLANG_CXX_LIBRARY = "libc++";
				CLANG_ENABLE_MODULES = YES;
				CLANG_ENABLE_OBJC_ARC = YES;
				CLANG_ENABLE_OBJC_WEAK = YES;
				CLANG_WARN_BLOCK_CAPTURE_AUTORELEASING = YES;
				CLANG_WARN_BOOL_CONVERSION = YES;
				CLANG_WARN_COMMA = YES;
				CLANG_WARN_CONSTANT_CONVERSION = YES;
				CLANG_WARN_DEPRECATED_OBJC_IMPLEMENTATIONS = YES;
				CLANG_WARN_DIRECT_OBJC_ISA_USAGE = YES_ERROR;
				CLANG_WARN_DOCUMENTATION_COMMENTS = YES;
				CLANG_WARN_EMPTY_BODY = YES;
				CLANG_WARN_ENUM_CONVERSION = YES;
				CLANG_WARN_INFINITE_RECURSION = YES;
				CLANG_WARN_INT_CONVERSION = YES;
				CLANG_WARN_NON_LITERAL_NULL_CONVERSION = YES;
				CLANG_WARN_OBJC_IMPLICIT_RETAIN_SELF = YES;
				CLANG_WARN_OBJC_LITERAL_CONVERSION = YES;
				CLANG_WARN_OBJC_ROOT_CLASS = YES_ERROR;
				CLANG_WARN_RANGE_LOOP_ANALYSIS = YES;
				CLANG_WARN_STRICT_PROTOTYPES = YES;
				CLANG_WARN_SUSPICIOUS_MOVE = YES;
				CLANG_WARN_UNGUARDED_AVAILABILITY = YES_AGGRESSIVE;
				CLANG_WARN_UNREACHABLE_CODE = YES;
				CLANG_WARN__DUPLICATE_METHOD_MATCH = YES;
				COPY_PHASE_STRIP = NO;
				DEBUG_INFORMATION_FORMAT = "dwarf-with-dsym";
				ENABLE_NS_ASSERTIONS = NO;
				ENABLE_STRICT_OBJC_MSGSEND = YES;
				GCC_C_LANGUAGE_STANDARD = gnu11;
				GCC_NO_COMMON_BLOCKS = YES;
				GCC_WARN_64_TO_32_BIT_CONVERSION = YES;
				GCC_WARN_ABOUT_RETURN_TYPE = YES_ERROR;
				GCC_WARN_UNDECLARED_SELECTOR = YES;
				GCC_WARN_UNINITIALIZED_AUTOS = YES_AGGRESSIVE;
				GCC_WARN_UNUSED_FUNCTION = YES;
				GCC_WARN_UNUSED_VARIABLE = YES;
				IPHONEOS_DEPLOYMENT_TARGET = 13.5;
				MTL_ENABLE_DEBUG_INFO = NO;
				MTL_FAST_MATH = YES;
				SDKROOT = iphoneos;
				SWIFT_COMPILATION_MODE = wholemodule;
				SWIFT_OPTIMIZATION_LEVEL = "-O";
				VALIDATE_PRODUCT = YES;
			};
			name = Release;
		};
		595CBAD024B2757900B153E3 /* Debug */ = {
			isa = XCBuildConfiguration;
			baseConfigurationReference = FD86597122637460F10A61EA /* Pods-Parstagram.debug.xcconfig */;
			buildSettings = {
				ASSETCATALOG_COMPILER_APPICON_NAME = AppIcon;
				CODE_SIGN_STYLE = Automatic;
				DEVELOPMENT_TEAM = 33DPKNK4HY;
				INFOPLIST_FILE = Parstagram/Info.plist;
				LD_RUNPATH_SEARCH_PATHS = (
					"$(inherited)",
					"@executable_path/Frameworks",
				);
				PRODUCT_BUNDLE_IDENTIFIER = com.andresaguilar.Parstagram;
				PRODUCT_NAME = "$(TARGET_NAME)";
				SWIFT_VERSION = 5.0;
				TARGETED_DEVICE_FAMILY = "1,2";
			};
			name = Debug;
		};
		595CBAD124B2757900B153E3 /* Release */ = {
			isa = XCBuildConfiguration;
			baseConfigurationReference = EBECE476CCED7DC1F2E4AE6E /* Pods-Parstagram.release.xcconfig */;
			buildSettings = {
				ASSETCATALOG_COMPILER_APPICON_NAME = AppIcon;
				CODE_SIGN_STYLE = Automatic;
				DEVELOPMENT_TEAM = 33DPKNK4HY;
				INFOPLIST_FILE = Parstagram/Info.plist;
				LD_RUNPATH_SEARCH_PATHS = (
					"$(inherited)",
					"@executable_path/Frameworks",
				);
				PRODUCT_BUNDLE_IDENTIFIER = com.andresaguilar.Parstagram;
				PRODUCT_NAME = "$(TARGET_NAME)";
				SWIFT_VERSION = 5.0;
				TARGETED_DEVICE_FAMILY = "1,2";
			};
			name = Release;
		};
/* End XCBuildConfiguration section */

/* Begin XCConfigurationList section */
		595CBAB624B2757500B153E3 /* Build configuration list for PBXProject "Parstagram" */ = {
			isa = XCConfigurationList;
			buildConfigurations = (
				595CBACD24B2757900B153E3 /* Debug */,
				595CBACE24B2757900B153E3 /* Release */,
			);
			defaultConfigurationIsVisible = 0;
			defaultConfigurationName = Release;
		};
		595CBACF24B2757900B153E3 /* Build configuration list for PBXNativeTarget "Parstagram" */ = {
			isa = XCConfigurationList;
			buildConfigurations = (
				595CBAD024B2757900B153E3 /* Debug */,
				595CBAD124B2757900B153E3 /* Release */,
			);
			defaultConfigurationIsVisible = 0;
			defaultConfigurationName = Release;
		};
/* End XCConfigurationList section */
	};
	rootObject = 595CBAB324B2757500B153E3 /* Project object */;
}
